
Microsoft Visual Studio Solution File, Format Version 12.00
# Visual Studio Version 16
VisualStudioVersion = 16.0.31410.357
MinimumVisualStudioVersion = 10.0.40219.1
Project("{FAE04EC0-301F-11D3-BF4B-00C04F79EFBC}") = "ClassLibrary7", "ClassLibrary7\ClassLibrary7.csproj", "{E0D5A258-9C9A-461A-988A-050086C6C707}"
EndProject
Global
	GlobalSection(SolutionConfigurationPlatforms) = preSolution
		Debug|Any CPU = Debug|Any CPU
		Release|Any CPU = Release|Any CPU
	EndGlobalSection
	GlobalSection(ProjectConfigurationPlatforms) = postSolution
		{E0D5A258-9C9A-461A-988A-050086C6C707}.Debug|Any CPU.ActiveCfg = Debug|Any CPU
		{E0D5A258-9C9A-461A-988A-050086C6C707}.Debug|Any CPU.Build.0 = Debug|Any CPU
		{E0D5A258-9C9A-461A-988A-050086C6C707}.Release|Any CPU.ActiveCfg = Release|Any CPU
		{E0D5A258-9C9A-461A-988A-050086C6C707}.Release|Any CPU.Build.0 = Release|Any CPU
	EndGlobalSection
	GlobalSection(SolutionProperties) = preSolution
		HideSolutionNode = FALSE
	EndGlobalSection
	GlobalSection(ExtensibilityGlobals) = postSolution
		SolutionGuid = {E23DF8D4-28F9-4E20-A8CA-DE21E928573E}
	EndGlobalSection
EndGlobal
